
Microsoft Visual Studio Solution File, Format Version 12.00
# Visual Studio 15
VisualStudioVersion = 15.0.26124.0
MinimumVisualStudioVersion = 15.0.26124.0
Project("{9A19103F-16F7-4668-BE54-9A1E7A4F7556}") = "Core", "Core\Core.csproj", "{D3A54D80-F05E-4ECC-B166-DF1051A08B1A}"
EndProject
Project("{9A19103F-16F7-4668-BE54-9A1E7A4F7556}") = "Net", "Net\Net.csproj", "{B3C8B740-E902-4F42-B876-1F9F1207E0D5}"
EndProject
Project("{2150E333-8FDC-42A3-9474-1A3956D46DE8}") = "Tools", "Tools", "{8AD5AA65-8EDB-4386-A288-E4EF8C8BBB16}"
EndProject
Project("{9A19103F-16F7-4668-BE54-9A1E7A4F7556}") = "ProtoGen", "ProtoGen\ProtoGen.csproj", "{447E291D-7666-4AA3-A07B-9177481732B3}"
EndProject
Project("{9A19103F-16F7-4668-BE54-9A1E7A4F7556}") = "Example", "Example\Example.csproj", "{9BE2AFC2-CE2B-4E87-960B-40336BFBAA3B}"
EndProject
Project("{2150E333-8FDC-42A3-9474-1A3956D46DE8}") = "Generic", "Generic", "{DB19DE1A-D37B-4871-9ECB-EF42071A826C}"
EndProject
Project("{9A19103F-16F7-4668-BE54-9A1E7A4F7556}") = "Game.Core", "Game.Core\Game.Core.csproj", "{769E7A41-4195-4470-B3B2-2B9935ECC0EE}"
EndProject
Project("{2150E333-8FDC-42A3-9474-1A3956D46DE8}") = "Game", "Game", "{E8B77EF9-02D0-4340-A21A-D3C47412445E}"
EndProject
Project("{9A19103F-16F7-4668-BE54-9A1E7A4F7556}") = "Logic", "Logic\Logic.csproj", "{D61EB340-85B3-449F-B9D5-678BA0551E94}"
EndProject
Project("{FAE04EC0-301F-11D3-BF4B-00C04F79EFBC}") = "Protocol", "Protocol\Protocol.csproj", "{014F15D6-365E-447E-8212-A19D65947D64}"
EndProject
Global
	GlobalSection(SolutionConfigurationPlatforms) = preSolution
		Debug|Any CPU = Debug|Any CPU
		Debug|x64 = Debug|x64
		Debug|x86 = Debug|x86
		Release|Any CPU = Release|Any CPU
		Release|x64 = Release|x64
		Release|x86 = Release|x86
	EndGlobalSection
	GlobalSection(ProjectConfigurationPlatforms) = postSolution
		{D3A54D80-F05E-4ECC-B166-DF1051A08B1A}.Debug|Any CPU.ActiveCfg = Debug|Any CPU
		{D3A54D80-F05E-4ECC-B166-DF1051A08B1A}.Debug|Any CPU.Build.0 = Debug|Any CPU
		{D3A54D80-F05E-4ECC-B166-DF1051A08B1A}.Debug|x64.ActiveCfg = Debug|Any CPU
		{D3A54D80-F05E-4ECC-B166-DF1051A08B1A}.Debug|x64.Build.0 = Debug|Any CPU
		{D3A54D80-F05E-4ECC-B166-DF1051A08B1A}.Debug|x86.ActiveCfg = Debug|Any CPU
		{D3A54D80-F05E-4ECC-B166-DF1051A08B1A}.Debug|x86.Build.0 = Debug|Any CPU
		{D3A54D80-F05E-4ECC-B166-DF1051A08B1A}.Release|Any CPU.ActiveCfg = Release|Any CPU
		{D3A54D80-F05E-4ECC-B166-DF1051A08B1A}.Release|Any CPU.Build.0 = Release|Any CPU
		{D3A54D80-F05E-4ECC-B166-DF1051A08B1A}.Release|x64.ActiveCfg = Release|Any CPU
		{D3A54D80-F05E-4ECC-B166-DF1051A08B1A}.Release|x64.Build.0 = Release|Any CPU
		{D3A54D80-F05E-4ECC-B166-DF1051A08B1A}.Release|x86.ActiveCfg = Release|Any CPU
		{D3A54D80-F05E-4ECC-B166-DF1051A08B1A}.Release|x86.Build.0 = Release|Any CPU
		{B3C8B740-E902-4F42-B876-1F9F1207E0D5}.Debug|Any CPU.ActiveCfg = Debug|Any CPU
		{B3C8B740-E902-4F42-B876-1F9F1207E0D5}.Debug|Any CPU.Build.0 = Debug|Any CPU
		{B3C8B740-E902-4F42-B876-1F9F1207E0D5}.Debug|x64.ActiveCfg = Debug|Any CPU
		{B3C8B740-E902-4F42-B876-1F9F1207E0D5}.Debug|x64.Build.0 = Debug|Any CPU
		{B3C8B740-E902-4F42-B876-1F9F1207E0D5}.Debug|x86.ActiveCfg = Debug|Any CPU
		{B3C8B740-E902-4F42-B876-1F9F1207E0D5}.Debug|x86.Build.0 = Debug|Any CPU
		{B3C8B740-E902-4F42-B876-1F9F1207E0D5}.Release|Any CPU.ActiveCfg = Release|Any CPU
		{B3C8B740-E902-4F42-B876-1F9F1207E0D5}.Release|Any CPU.Build.0 = Release|Any CPU
		{B3C8B740-E902-4F42-B876-1F9F1207E0D5}.Release|x64.ActiveCfg = Release|Any CPU
		{B3C8B740-E902-4F42-B876-1F9F1207E0D5}.Release|x64.Build.0 = Release|Any CPU
		{B3C8B740-E902-4F42-B876-1F9F1207E0D5}.Release|x86.ActiveCfg = Release|Any CPU
		{B3C8B740-E902-4F42-B876-1F9F1207E0D5}.Release|x86.Build.0 = Release|Any CPU
		{447E291D-7666-4AA3-A07B-9177481732B3}.Debug|Any CPU.ActiveCfg = Debug|Any CPU
		{447E291D-7666-4AA3-A07B-9177481732B3}.Debug|Any CPU.Build.0 = Debug|Any CPU
		{447E291D-7666-4AA3-A07B-9177481732B3}.Debug|x64.ActiveCfg = Debug|Any CPU
		{447E291D-7666-4AA3-A07B-9177481732B3}.Debug|x64.Build.0 = Debug|Any CPU
		{447E291D-7666-4AA3-A07B-9177481732B3}.Debug|x86.ActiveCfg = Debug|Any CPU
		{447E291D-7666-4AA3-A07B-9177481732B3}.Debug|x86.Build.0 = Debug|Any CPU
		{447E291D-7666-4AA3-A07B-9177481732B3}.Release|Any CPU.ActiveCfg = Release|Any CPU
		{447E291D-7666-4AA3-A07B-9177481732B3}.Release|Any CPU.Build.0 = Release|Any CPU
		{447E291D-7666-4AA3-A07B-9177481732B3}.Release|x64.ActiveCfg = Release|Any CPU
		{447E291D-7666-4AA3-A07B-9177481732B3}.Release|x64.Build.0 = Release|Any CPU
		{447E291D-7666-4AA3-A07B-9177481732B3}.Release|x86.ActiveCfg = Release|Any CPU
		{447E291D-7666-4AA3-A07B-9177481732B3}.Release|x86.Build.0 = Release|Any CPU
		{9BE2AFC2-CE2B-4E87-960B-40336BFBAA3B}.Debug|Any CPU.ActiveCfg = Debug|Any CPU
		{9BE2AFC2-CE2B-4E87-960B-40336BFBAA3B}.Debug|Any CPU.Build.0 = Debug|Any CPU
		{9BE2AFC2-CE2B-4E87-960B-40336BFBAA3B}.Debug|x64.ActiveCfg = Debug|Any CPU
		{9BE2AFC2-CE2B-4E87-960B-40336BFBAA3B}.Debug|x64.Build.0 = Debug|Any CPU
		{9BE2AFC2-CE2B-4E87-960B-40336BFBAA3B}.Debug|x86.ActiveCfg = Debug|Any CPU
		{9BE2AFC2-CE2B-4E87-960B-40336BFBAA3B}.Debug|x86.Build.0 = Debug|Any CPU
		{9BE2AFC2-CE2B-4E87-960B-40336BFBAA3B}.Release|Any CPU.ActiveCfg = Release|Any CPU
		{9BE2AFC2-CE2B-4E87-960B-40336BFBAA3B}.Release|Any CPU.Build.0 = Release|Any CPU
		{9BE2AFC2-CE2B-4E87-960B-40336BFBAA3B}.Release|x64.ActiveCfg = Release|Any CPU
		{9BE2AFC2-CE2B-4E87-960B-40336BFBAA3B}.Release|x64.Build.0 = Release|Any CPU
		{9BE2AFC2-CE2B-4E87-960B-40336BFBAA3B}.Release|x86.ActiveCfg = Release|Any CPU
		{9BE2AFC2-CE2B-4E87-960B-40336BFBAA3B}.Release|x86.Build.0 = Release|Any CPU
		{769E7A41-4195-4470-B3B2-2B9935ECC0EE}.Debug|Any CPU.ActiveCfg = Debug|Any CPU
		{769E7A41-4195-4470-B3B2-2B9935ECC0EE}.Debug|Any CPU.Build.0 = Debug|Any CPU
		{769E7A41-4195-4470-B3B2-2B9935ECC0EE}.Debug|x64.ActiveCfg = Debug|Any CPU
		{769E7A41-4195-4470-B3B2-2B9935ECC0EE}.Debug|x64.Build.0 = Debug|Any CPU
		{769E7A41-4195-4470-B3B2-2B9935ECC0EE}.Debug|x86.ActiveCfg = Debug|Any CPU
		{769E7A41-4195-4470-B3B2-2B9935ECC0EE}.Debug|x86.Build.0 = Debug|Any CPU
		{769E7A41-4195-4470-B3B2-2B9935ECC0EE}.Release|Any CPU.ActiveCfg = Release|Any CPU
		{769E7A41-4195-4470-B3B2-2B9935ECC0EE}.Release|Any CPU.Build.0 = Release|Any CPU
		{769E7A41-4195-4470-B3B2-2B9935ECC0EE}.Release|x64.ActiveCfg = Release|Any CPU
		{769E7A41-4195-4470-B3B2-2B9935ECC0EE}.Release|x64.Build.0 = Release|Any CPU
		{769E7A41-4195-4470-B3B2-2B9935ECC0EE}.Release|x86.ActiveCfg = Release|Any CPU
		{769E7A41-4195-4470-B3B2-2B9935ECC0EE}.Release|x86.Build.0 = Release|Any CPU
		{D61EB340-85B3-449F-B9D5-678BA0551E94}.Debug|Any CPU.ActiveCfg = Debug|Any CPU
		{D61EB340-85B3-449F-B9D5-678BA0551E94}.Debug|Any CPU.Build.0 = Debug|Any CPU
		{D61EB340-85B3-449F-B9D5-678BA0551E94}.Debug|x64.ActiveCfg = Debug|Any CPU
		{D61EB340-85B3-449F-B9D5-678BA0551E94}.Debug|x64.Build.0 = Debug|Any CPU
		{D61EB340-85B3-449F-B9D5-678BA0551E94}.Debug|x86.ActiveCfg = Debug|Any CPU
		{D61EB340-85B3-449F-B9D5-678BA0551E94}.Debug|x86.Build.0 = Debug|Any CPU
		{D61EB340-85B3-449F-B9D5-678BA0551E94}.Release|Any CPU.ActiveCfg = Release|Any CPU
		{D61EB340-85B3-449F-B9D5-678BA0551E94}.Release|Any CPU.Build.0 = Release|Any CPU
		{D61EB340-85B3-449F-B9D5-678BA0551E94}.Release|x64.ActiveCfg = Release|Any CPU
		{D61EB340-85B3-449F-B9D5-678BA0551E94}.Release|x64.Build.0 = Release|Any CPU
		{D61EB340-85B3-449F-B9D5-678BA0551E94}.Release|x86.ActiveCfg = Release|Any CPU
		{D61EB340-85B3-449F-B9D5-678BA0551E94}.Release|x86.Build.0 = Release|Any CPU
		{014F15D6-365E-447E-8212-A19D65947D64}.Debug|Any CPU.ActiveCfg = Debug|Any CPU
		{014F15D6-365E-447E-8212-A19D65947D64}.Debug|Any CPU.Build.0 = Debug|Any CPU
		{014F15D6-365E-447E-8212-A19D65947D64}.Debug|x64.ActiveCfg = Debug|Any CPU
		{014F15D6-365E-447E-8212-A19D65947D64}.Debug|x64.Build.0 = Debug|Any CPU
		{014F15D6-365E-447E-8212-A19D65947D64}.Debug|x86.ActiveCfg = Debug|Any CPU
		{014F15D6-365E-447E-8212-A19D65947D64}.Debug|x86.Build.0 = Debug|Any CPU
		{014F15D6-365E-447E-8212-A19D65947D64}.Release|Any CPU.ActiveCfg = Release|Any CPU
		{014F15D6-365E-447E-8212-A19D65947D64}.Release|Any CPU.Build.0 = Release|Any CPU
		{014F15D6-365E-447E-8212-A19D65947D64}.Release|x64.ActiveCfg = Release|Any CPU
		{014F15D6-365E-447E-8212-A19D65947D64}.Release|x64.Build.0 = Release|Any CPU
		{014F15D6-365E-447E-8212-A19D65947D64}.Release|x86.ActiveCfg = Release|Any CPU
		{014F15D6-365E-447E-8212-A19D65947D64}.Release|x86.Build.0 = Release|Any CPU
	EndGlobalSection
	GlobalSection(SolutionProperties) = preSolution
		HideSolutionNode = FALSE
	EndGlobalSection
	GlobalSection(NestedProjects) = preSolution
		{D3A54D80-F05E-4ECC-B166-DF1051A08B1A} = {DB19DE1A-D37B-4871-9ECB-EF42071A826C}
		{B3C8B740-E902-4F42-B876-1F9F1207E0D5} = {DB19DE1A-D37B-4871-9ECB-EF42071A826C}
		{447E291D-7666-4AA3-A07B-9177481732B3} = {8AD5AA65-8EDB-4386-A288-E4EF8C8BBB16}
		{769E7A41-4195-4470-B3B2-2B9935ECC0EE} = {DB19DE1A-D37B-4871-9ECB-EF42071A826C}
		{D61EB340-85B3-449F-B9D5-678BA0551E94} = {E8B77EF9-02D0-4340-A21A-D3C47412445E}
		{014F15D6-365E-447E-8212-A19D65947D64} = {E8B77EF9-02D0-4340-A21A-D3C47412445E}
	EndGlobalSection
	GlobalSection(ExtensibilityGlobals) = postSolution
		SolutionGuid = {4E1C232B-ECD6-49E4-803A-E4918D3519F3}
	EndGlobalSection
EndGlobal
